
Microsoft Visual Studio Solution File, Format Version 12.00
# Visual Studio Version 16
VisualStudioVersion = 16.0.30804.86
MinimumVisualStudioVersion = 10.0.40219.1
Project("{FAE04EC0-301F-11D3-BF4B-00C04F79EFBC}") = "HL21", "HL21.csproj", "{4A538AB0-7CAF-4AD9-87B7-8C36F81C8C01}"
EndProject
Global
	GlobalSection(SolutionConfigurationPlatforms) = preSolution
		Debug|Any CPU = Debug|Any CPU
		Release|Any CPU = Release|Any CPU
	EndGlobalSection
	GlobalSection(ProjectConfigurationPlatforms) = postSolution
		{4A538AB0-7CAF-4AD9-87B7-8C36F81C8C01}.Debug|Any CPU.ActiveCfg = Debug|Any CPU
		{4A538AB0-7CAF-4AD9-87B7-8C36F81C8C01}.Debug|Any CPU.Build.0 = Debug|Any CPU
		{4A538AB0-7CAF-4AD9-87B7-8C36F81C8C01}.Release|Any CPU.ActiveCfg = Release|Any CPU
		{4A538AB0-7CAF-4AD9-87B7-8C36F81C8C01}.Release|Any CPU.Build.0 = Release|Any CPU
	EndGlobalSection
	GlobalSection(SolutionProperties) = preSolution
		HideSolutionNode = FALSE
	EndGlobalSection
	GlobalSection(ExtensibilityGlobals) = postSolution
		SolutionGuid = {946213B5-86E7-45AC-8927-47A96A468D9E}
	EndGlobalSection
EndGlobal
